
Microsoft Visual Studio Solution File, Format Version 12.00
# Visual Studio Version 16
VisualStudioVersion = 16.0.30002.166
MinimumVisualStudioVersion = 15.0.26124.0
Project("{2150E333-8FDC-42A3-9474-1A3956D46DE8}") = "domain", "domain", "{2EEBC35B-E7BF-4772-86A9-44E01F6D78CC}"
EndProject
Project("{9A19103F-16F7-4668-BE54-9A1E7A4F7556}") = "Shop", "domain\Shop\Shop.csproj", "{3CEDBE9E-76C7-4567-92AD-1A1F26FAAE07}"
EndProject
Project("{2150E333-8FDC-42A3-9474-1A3956D46DE8}") = "presentation", "presentation", "{A87E9D1D-BD3E-4A07-BFFB-30778176EB89}"
EndProject
Project("{9A19103F-16F7-4668-BE54-9A1E7A4F7556}") = "Shop.Web", "presentation\Shop.Web\Shop.Web.csproj", "{1ADB58B9-5AD5-416F-8AF8-C9F1B58E0868}"
EndProject
Project("{2150E333-8FDC-42A3-9474-1A3956D46DE8}") = "infrasrtucture", "infrasrtucture", "{3C5CBA5E-6F7A-4705-BDBD-62B44B210BCF}"
EndProject
Project("{9A19103F-16F7-4668-BE54-9A1E7A4F7556}") = "Shop.Memory", "infrasrtucture\Shop.Memory\Shop.Memory.csproj", "{BD8BE00D-D9EF-4244-8C82-3EA566688E17}"
EndProject
Project("{FAE04EC0-301F-11D3-BF4B-00C04F79EFBC}") = "Shop.Tests", "domain\Shop.Tests\Shop.Tests.csproj", "{B0A9F812-0023-4E4E-9943-88F553E212A0}"
EndProject
Global
	GlobalSection(SolutionConfigurationPlatforms) = preSolution
		Debug|Any CPU = Debug|Any CPU
		Debug|x64 = Debug|x64
		Debug|x86 = Debug|x86
		Release|Any CPU = Release|Any CPU
		Release|x64 = Release|x64
		Release|x86 = Release|x86
	EndGlobalSection
	GlobalSection(ProjectConfigurationPlatforms) = postSolution
		{3CEDBE9E-76C7-4567-92AD-1A1F26FAAE07}.Debug|Any CPU.ActiveCfg = Debug|Any CPU
		{3CEDBE9E-76C7-4567-92AD-1A1F26FAAE07}.Debug|Any CPU.Build.0 = Debug|Any CPU
		{3CEDBE9E-76C7-4567-92AD-1A1F26FAAE07}.Debug|x64.ActiveCfg = Debug|Any CPU
		{3CEDBE9E-76C7-4567-92AD-1A1F26FAAE07}.Debug|x64.Build.0 = Debug|Any CPU
		{3CEDBE9E-76C7-4567-92AD-1A1F26FAAE07}.Debug|x86.ActiveCfg = Debug|Any CPU
		{3CEDBE9E-76C7-4567-92AD-1A1F26FAAE07}.Debug|x86.Build.0 = Debug|Any CPU
		{3CEDBE9E-76C7-4567-92AD-1A1F26FAAE07}.Release|Any CPU.ActiveCfg = Release|Any CPU
		{3CEDBE9E-76C7-4567-92AD-1A1F26FAAE07}.Release|Any CPU.Build.0 = Release|Any CPU
		{3CEDBE9E-76C7-4567-92AD-1A1F26FAAE07}.Release|x64.ActiveCfg = Release|Any CPU
		{3CEDBE9E-76C7-4567-92AD-1A1F26FAAE07}.Release|x64.Build.0 = Release|Any CPU
		{3CEDBE9E-76C7-4567-92AD-1A1F26FAAE07}.Release|x86.ActiveCfg = Release|Any CPU
		{3CEDBE9E-76C7-4567-92AD-1A1F26FAAE07}.Release|x86.Build.0 = Release|Any CPU
		{1ADB58B9-5AD5-416F-8AF8-C9F1B58E0868}.Debug|Any CPU.ActiveCfg = Debug|Any CPU
		{1ADB58B9-5AD5-416F-8AF8-C9F1B58E0868}.Debug|Any CPU.Build.0 = Debug|Any CPU
		{1ADB58B9-5AD5-416F-8AF8-C9F1B58E0868}.Debug|x64.ActiveCfg = Debug|Any CPU
		{1ADB58B9-5AD5-416F-8AF8-C9F1B58E0868}.Debug|x64.Build.0 = Debug|Any CPU
		{1ADB58B9-5AD5-416F-8AF8-C9F1B58E0868}.Debug|x86.ActiveCfg = Debug|Any CPU
		{1ADB58B9-5AD5-416F-8AF8-C9F1B58E0868}.Debug|x86.Build.0 = Debug|Any CPU
		{1ADB58B9-5AD5-416F-8AF8-C9F1B58E0868}.Release|Any CPU.ActiveCfg = Release|Any CPU
		{1ADB58B9-5AD5-416F-8AF8-C9F1B58E0868}.Release|Any CPU.Build.0 = Release|Any CPU
		{1ADB58B9-5AD5-416F-8AF8-C9F1B58E0868}.Release|x64.ActiveCfg = Release|Any CPU
		{1ADB58B9-5AD5-416F-8AF8-C9F1B58E0868}.Release|x64.Build.0 = Release|Any CPU
		{1ADB58B9-5AD5-416F-8AF8-C9F1B58E0868}.Release|x86.ActiveCfg = Release|Any CPU
		{1ADB58B9-5AD5-416F-8AF8-C9F1B58E0868}.Release|x86.Build.0 = Release|Any CPU
		{BD8BE00D-D9EF-4244-8C82-3EA566688E17}.Debug|Any CPU.ActiveCfg = Debug|Any CPU
		{BD8BE00D-D9EF-4244-8C82-3EA566688E17}.Debug|Any CPU.Build.0 = Debug|Any CPU
		{BD8BE00D-D9EF-4244-8C82-3EA566688E17}.Debug|x64.ActiveCfg = Debug|Any CPU
		{BD8BE00D-D9EF-4244-8C82-3EA566688E17}.Debug|x64.Build.0 = Debug|Any CPU
		{BD8BE00D-D9EF-4244-8C82-3EA566688E17}.Debug|x86.ActiveCfg = Debug|Any CPU
		{BD8BE00D-D9EF-4244-8C82-3EA566688E17}.Debug|x86.Build.0 = Debug|Any CPU
		{BD8BE00D-D9EF-4244-8C82-3EA566688E17}.Release|Any CPU.ActiveCfg = Release|Any CPU
		{BD8BE00D-D9EF-4244-8C82-3EA566688E17}.Release|Any CPU.Build.0 = Release|Any CPU
		{BD8BE00D-D9EF-4244-8C82-3EA566688E17}.Release|x64.ActiveCfg = Release|Any CPU
		{BD8BE00D-D9EF-4244-8C82-3EA566688E17}.Release|x64.Build.0 = Release|Any CPU
		{BD8BE00D-D9EF-4244-8C82-3EA566688E17}.Release|x86.ActiveCfg = Release|Any CPU
		{BD8BE00D-D9EF-4244-8C82-3EA566688E17}.Release|x86.Build.0 = Release|Any CPU
		{B0A9F812-0023-4E4E-9943-88F553E212A0}.Debug|Any CPU.ActiveCfg = Debug|Any CPU
		{B0A9F812-0023-4E4E-9943-88F553E212A0}.Debug|Any CPU.Build.0 = Debug|Any CPU
		{B0A9F812-0023-4E4E-9943-88F553E212A0}.Debug|x64.ActiveCfg = Debug|Any CPU
		{B0A9F812-0023-4E4E-9943-88F553E212A0}.Debug|x64.Build.0 = Debug|Any CPU
		{B0A9F812-0023-4E4E-9943-88F553E212A0}.Debug|x86.ActiveCfg = Debug|Any CPU
		{B0A9F812-0023-4E4E-9943-88F553E212A0}.Debug|x86.Build.0 = Debug|Any CPU
		{B0A9F812-0023-4E4E-9943-88F553E212A0}.Release|Any CPU.ActiveCfg = Release|Any CPU
		{B0A9F812-0023-4E4E-9943-88F553E212A0}.Release|Any CPU.Build.0 = Release|Any CPU
		{B0A9F812-0023-4E4E-9943-88F553E212A0}.Release|x64.ActiveCfg = Release|Any CPU
		{B0A9F812-0023-4E4E-9943-88F553E212A0}.Release|x64.Build.0 = Release|Any CPU
		{B0A9F812-0023-4E4E-9943-88F553E212A0}.Release|x86.ActiveCfg = Release|Any CPU
		{B0A9F812-0023-4E4E-9943-88F553E212A0}.Release|x86.Build.0 = Release|Any CPU
	EndGlobalSection
	GlobalSection(SolutionProperties) = preSolution
		HideSolutionNode = FALSE
	EndGlobalSection
	GlobalSection(NestedProjects) = preSolution
		{3CEDBE9E-76C7-4567-92AD-1A1F26FAAE07} = {2EEBC35B-E7BF-4772-86A9-44E01F6D78CC}
		{1ADB58B9-5AD5-416F-8AF8-C9F1B58E0868} = {A87E9D1D-BD3E-4A07-BFFB-30778176EB89}
		{BD8BE00D-D9EF-4244-8C82-3EA566688E17} = {3C5CBA5E-6F7A-4705-BDBD-62B44B210BCF}
		{B0A9F812-0023-4E4E-9943-88F553E212A0} = {2EEBC35B-E7BF-4772-86A9-44E01F6D78CC}
	EndGlobalSection
	GlobalSection(ExtensibilityGlobals) = postSolution
		SolutionGuid = {71C3313E-0470-475A-871E-083E5392974F}
	EndGlobalSection
EndGlobal
