
Microsoft Visual Studio Solution File, Format Version 12.00
# Visual Studio 15
VisualStudioVersion = 15.0.26124.0
MinimumVisualStudioVersion = 15.0.26124.0
Project("{2150E333-8FDC-42A3-9474-1A3956D46DE8}") = "domain", "domain", "{2EEBC35B-E7BF-4772-86A9-44E01F6D78CC}"
EndProject
Project("{FAE04EC0-301F-11D3-BF4B-00C04F79EFBC}") = "Shop", "domain\Shop\Shop.csproj", "{3CEDBE9E-76C7-4567-92AD-1A1F26FAAE07}"
EndProject
Global
	GlobalSection(SolutionConfigurationPlatforms) = preSolution
		Debug|Any CPU = Debug|Any CPU
		Debug|x64 = Debug|x64
		Debug|x86 = Debug|x86
		Release|Any CPU = Release|Any CPU
		Release|x64 = Release|x64
		Release|x86 = Release|x86
	EndGlobalSection
	GlobalSection(SolutionProperties) = preSolution
		HideSolutionNode = FALSE
	EndGlobalSection
	GlobalSection(ProjectConfigurationPlatforms) = postSolution
		{3CEDBE9E-76C7-4567-92AD-1A1F26FAAE07}.Debug|Any CPU.ActiveCfg = Debug|Any CPU
		{3CEDBE9E-76C7-4567-92AD-1A1F26FAAE07}.Debug|Any CPU.Build.0 = Debug|Any CPU
		{3CEDBE9E-76C7-4567-92AD-1A1F26FAAE07}.Debug|x64.ActiveCfg = Debug|Any CPU
		{3CEDBE9E-76C7-4567-92AD-1A1F26FAAE07}.Debug|x64.Build.0 = Debug|Any CPU
		{3CEDBE9E-76C7-4567-92AD-1A1F26FAAE07}.Debug|x86.ActiveCfg = Debug|Any CPU
		{3CEDBE9E-76C7-4567-92AD-1A1F26FAAE07}.Debug|x86.Build.0 = Debug|Any CPU
		{3CEDBE9E-76C7-4567-92AD-1A1F26FAAE07}.Release|Any CPU.ActiveCfg = Release|Any CPU
		{3CEDBE9E-76C7-4567-92AD-1A1F26FAAE07}.Release|Any CPU.Build.0 = Release|Any CPU
		{3CEDBE9E-76C7-4567-92AD-1A1F26FAAE07}.Release|x64.ActiveCfg = Release|Any CPU
		{3CEDBE9E-76C7-4567-92AD-1A1F26FAAE07}.Release|x64.Build.0 = Release|Any CPU
		{3CEDBE9E-76C7-4567-92AD-1A1F26FAAE07}.Release|x86.ActiveCfg = Release|Any CPU
		{3CEDBE9E-76C7-4567-92AD-1A1F26FAAE07}.Release|x86.Build.0 = Release|Any CPU
	EndGlobalSection
	GlobalSection(NestedProjects) = preSolution
		{3CEDBE9E-76C7-4567-92AD-1A1F26FAAE07} = {2EEBC35B-E7BF-4772-86A9-44E01F6D78CC}
	EndGlobalSection
EndGlobal
